
Microsoft Visual Studio Solution File, Format Version 12.00
# Visual Studio Version 16
VisualStudioVersion = 16.0.30717.126
MinimumVisualStudioVersion = 10.0.40219.1
Project("{9A19103F-16F7-4668-BE54-9A1E7A4F7556}") = "Manage_Products", "Manage_Products.csproj", "{C15A1221-9FEA-4A27-A84F-3111F6F6B98E}"
EndProject
Global
	GlobalSection(SolutionConfigurationPlatforms) = preSolution
		Debug|Any CPU = Debug|Any CPU
		Release|Any CPU = Release|Any CPU
	EndGlobalSection
	GlobalSection(ProjectConfigurationPlatforms) = postSolution
		{C15A1221-9FEA-4A27-A84F-3111F6F6B98E}.Debug|Any CPU.ActiveCfg = Debug|Any CPU
		{C15A1221-9FEA-4A27-A84F-3111F6F6B98E}.Debug|Any CPU.Build.0 = Debug|Any CPU
		{C15A1221-9FEA-4A27-A84F-3111F6F6B98E}.Release|Any CPU.ActiveCfg = Release|Any CPU
		{C15A1221-9FEA-4A27-A84F-3111F6F6B98E}.Release|Any CPU.Build.0 = Release|Any CPU
	EndGlobalSection
	GlobalSection(SolutionProperties) = preSolution
		HideSolutionNode = FALSE
	EndGlobalSection
	GlobalSection(ExtensibilityGlobals) = postSolution
		SolutionGuid = {C6D9F816-C640-469D-8987-8551BCF9273D}
	EndGlobalSection
EndGlobal
